
Microsoft Visual Studio Solution File, Format Version 12.00
# Visual Studio Version 17
VisualStudioVersion = 17.9.34728.123
MinimumVisualStudioVersion = 10.0.40219.1
Project("{FAE04EC0-301F-11D3-BF4B-00C04F79EFBC}") = "Threads", "Threads\Threads.csproj", "{DE7635C7-57E6-40E0-A414-F45705DDB4A8}"
EndProject
Global
	GlobalSection(SolutionConfigurationPlatforms) = preSolution
		Debug|Any CPU = Debug|Any CPU
		Release|Any CPU = Release|Any CPU
	EndGlobalSection
	GlobalSection(ProjectConfigurationPlatforms) = postSolution
		{DE7635C7-57E6-40E0-A414-F45705DDB4A8}.Debug|Any CPU.ActiveCfg = Debug|Any CPU
		{DE7635C7-57E6-40E0-A414-F45705DDB4A8}.Debug|Any CPU.Build.0 = Debug|Any CPU
		{DE7635C7-57E6-40E0-A414-F45705DDB4A8}.Release|Any CPU.ActiveCfg = Release|Any CPU
		{DE7635C7-57E6-40E0-A414-F45705DDB4A8}.Release|Any CPU.Build.0 = Release|Any CPU
	EndGlobalSection
	GlobalSection(SolutionProperties) = preSolution
		HideSolutionNode = FALSE
	EndGlobalSection
	GlobalSection(ExtensibilityGlobals) = postSolution
		SolutionGuid = {077D8BF0-7988-473E-A5A7-E21A66CFC0D5}
	EndGlobalSection
EndGlobal
